
Microsoft Visual Studio Solution File, Format Version 12.00
# Visual Studio Version 17
VisualStudioVersion = 17.0.31903.59
MinimumVisualStudioVersion = 10.0.40219.1
Project("{FAE04EC0-301F-11D3-BF4B-00C04F79EFBC}") = "Tests", "Tests\Tests.csproj", "{201D71DA-9B77-4394-A9B3-CF4C2BEDACE6}"
EndProject
Project("{FAE04EC0-301F-11D3-BF4B-00C04F79EFBC}") = "App", "App\App.csproj", "{BF57EC84-42D1-4537-92DC-074C4D293A8C}"
EndProject
Global
	GlobalSection(SolutionConfigurationPlatforms) = preSolution
		Debug|Any CPU = Debug|Any CPU
		Release|Any CPU = Release|Any CPU
	EndGlobalSection
	GlobalSection(SolutionProperties) = preSolution
		HideSolutionNode = FALSE
	EndGlobalSection
	GlobalSection(ProjectConfigurationPlatforms) = postSolution
		{201D71DA-9B77-4394-A9B3-CF4C2BEDACE6}.Debug|Any CPU.ActiveCfg = Debug|Any CPU
		{201D71DA-9B77-4394-A9B3-CF4C2BEDACE6}.Debug|Any CPU.Build.0 = Debug|Any CPU
		{201D71DA-9B77-4394-A9B3-CF4C2BEDACE6}.Release|Any CPU.ActiveCfg = Release|Any CPU
		{201D71DA-9B77-4394-A9B3-CF4C2BEDACE6}.Release|Any CPU.Build.0 = Release|Any CPU
		{BF57EC84-42D1-4537-92DC-074C4D293A8C}.Debug|Any CPU.ActiveCfg = Debug|Any CPU
		{BF57EC84-42D1-4537-92DC-074C4D293A8C}.Debug|Any CPU.Build.0 = Debug|Any CPU
		{BF57EC84-42D1-4537-92DC-074C4D293A8C}.Release|Any CPU.ActiveCfg = Release|Any CPU
		{BF57EC84-42D1-4537-92DC-074C4D293A8C}.Release|Any CPU.Build.0 = Release|Any CPU
	EndGlobalSection
EndGlobal
